
Microsoft Visual Studio Solution File, Format Version 12.00
# Visual Studio 14
VisualStudioVersion = 14.0.23107.0
MinimumVisualStudioVersion = 10.0.40219.1
Project("{FAE04EC0-301F-11D3-BF4B-00C04F79EFBC}") = "XGramCounter", "ConsoleApplication1\XGramCounter.csproj", "{AE1E55ED-9CAF-4A24-B98B-7BDBA3D7D2FF}"
EndProject
Global
	GlobalSection(SolutionConfigurationPlatforms) = preSolution
		Debug|Any CPU = Debug|Any CPU
		Release|Any CPU = Release|Any CPU
	EndGlobalSection
	GlobalSection(ProjectConfigurationPlatforms) = postSolution
		{AE1E55ED-9CAF-4A24-B98B-7BDBA3D7D2FF}.Debug|Any CPU.ActiveCfg = Debug|Any CPU
		{AE1E55ED-9CAF-4A24-B98B-7BDBA3D7D2FF}.Debug|Any CPU.Build.0 = Debug|Any CPU
		{AE1E55ED-9CAF-4A24-B98B-7BDBA3D7D2FF}.Release|Any CPU.ActiveCfg = Release|Any CPU
		{AE1E55ED-9CAF-4A24-B98B-7BDBA3D7D2FF}.Release|Any CPU.Build.0 = Release|Any CPU
	EndGlobalSection
	GlobalSection(SolutionProperties) = preSolution
		HideSolutionNode = FALSE
	EndGlobalSection
EndGlobal
